
Microsoft Visual Studio Solution File, Format Version 12.00
# Visual Studio 15
VisualStudioVersion = 15.0.26323.1
MinimumVisualStudioVersion = 10.0.40219.1
Project("{FAE04EC0-301F-11D3-BF4B-00C04F79EFBC}") = "Eventing", "Eventing\Eventing.csproj", "{5F3AA851-7197-4766-9532-25A140732B05}"
EndProject
Project("{FAE04EC0-301F-11D3-BF4B-00C04F79EFBC}") = "Eventing.Tests", "Eventing.Tests\Eventing.Tests.csproj", "{82EE565D-AE52-420F-A1DC-368227CB3E68}"
EndProject
Project("{FAE04EC0-301F-11D3-BF4B-00C04F79EFBC}") = "Eventing.GetEventStore", "Eventing.GetEventStore\Eventing.GetEventStore.csproj", "{4A0E01C0-F85D-4D9C-86E1-FFD97F378005}"
EndProject
Project("{FAE04EC0-301F-11D3-BF4B-00C04F79EFBC}") = "Eventing.GetEventStore.Tests", "Eventing.GetEventStore.Tests\Eventing.GetEventStore.Tests.csproj", "{95D475C2-5450-42AC-BB6F-DB50F3C3E0D1}"
EndProject
Global
	GlobalSection(SolutionConfigurationPlatforms) = preSolution
		Debug|Any CPU = Debug|Any CPU
		Release|Any CPU = Release|Any CPU
	EndGlobalSection
	GlobalSection(ProjectConfigurationPlatforms) = postSolution
		{5F3AA851-7197-4766-9532-25A140732B05}.Debug|Any CPU.ActiveCfg = Debug|Any CPU
		{5F3AA851-7197-4766-9532-25A140732B05}.Debug|Any CPU.Build.0 = Debug|Any CPU
		{5F3AA851-7197-4766-9532-25A140732B05}.Release|Any CPU.ActiveCfg = Release|Any CPU
		{5F3AA851-7197-4766-9532-25A140732B05}.Release|Any CPU.Build.0 = Release|Any CPU
		{82EE565D-AE52-420F-A1DC-368227CB3E68}.Debug|Any CPU.ActiveCfg = Debug|Any CPU
		{82EE565D-AE52-420F-A1DC-368227CB3E68}.Debug|Any CPU.Build.0 = Debug|Any CPU
		{82EE565D-AE52-420F-A1DC-368227CB3E68}.Release|Any CPU.ActiveCfg = Release|Any CPU
		{82EE565D-AE52-420F-A1DC-368227CB3E68}.Release|Any CPU.Build.0 = Release|Any CPU
		{4A0E01C0-F85D-4D9C-86E1-FFD97F378005}.Debug|Any CPU.ActiveCfg = Debug|Any CPU
		{4A0E01C0-F85D-4D9C-86E1-FFD97F378005}.Debug|Any CPU.Build.0 = Debug|Any CPU
		{4A0E01C0-F85D-4D9C-86E1-FFD97F378005}.Release|Any CPU.ActiveCfg = Release|Any CPU
		{4A0E01C0-F85D-4D9C-86E1-FFD97F378005}.Release|Any CPU.Build.0 = Release|Any CPU
		{95D475C2-5450-42AC-BB6F-DB50F3C3E0D1}.Debug|Any CPU.ActiveCfg = Debug|Any CPU
		{95D475C2-5450-42AC-BB6F-DB50F3C3E0D1}.Debug|Any CPU.Build.0 = Debug|Any CPU
		{95D475C2-5450-42AC-BB6F-DB50F3C3E0D1}.Release|Any CPU.ActiveCfg = Release|Any CPU
		{95D475C2-5450-42AC-BB6F-DB50F3C3E0D1}.Release|Any CPU.Build.0 = Release|Any CPU
	EndGlobalSection
	GlobalSection(SolutionProperties) = preSolution
		HideSolutionNode = FALSE
	EndGlobalSection
EndGlobal
